
Microsoft Visual Studio Solution File, Format Version 12.00
# Visual Studio Version 17
VisualStudioVersion = 17.4.33110.190
MinimumVisualStudioVersion = 10.0.40219.1
Project("{FAE04EC0-301F-11D3-BF4B-00C04F79EFBC}") = "DateTimeLabnet", "DateTimeLabnet\DateTimeLabnet.csproj", "{063B6AFB-7636-4046-ABAC-5B97D4FF2352}"
EndProject
Project("{FAE04EC0-301F-11D3-BF4B-00C04F79EFBC}") = "DateTimeLab.Tests", "DateTimeLab.Tests\DateTimeLab.Tests.csproj", "{0F668B1A-664D-4788-BAD0-8EB22692063F}"
EndProject
Global
	GlobalSection(SolutionConfigurationPlatforms) = preSolution
		Debug|Any CPU = Debug|Any CPU
		Release|Any CPU = Release|Any CPU
	EndGlobalSection
	GlobalSection(ProjectConfigurationPlatforms) = postSolution
		{063B6AFB-7636-4046-ABAC-5B97D4FF2352}.Debug|Any CPU.ActiveCfg = Debug|Any CPU
		{063B6AFB-7636-4046-ABAC-5B97D4FF2352}.Debug|Any CPU.Build.0 = Debug|Any CPU
		{063B6AFB-7636-4046-ABAC-5B97D4FF2352}.Release|Any CPU.ActiveCfg = Release|Any CPU
		{063B6AFB-7636-4046-ABAC-5B97D4FF2352}.Release|Any CPU.Build.0 = Release|Any CPU
		{0F668B1A-664D-4788-BAD0-8EB22692063F}.Debug|Any CPU.ActiveCfg = Debug|Any CPU
		{0F668B1A-664D-4788-BAD0-8EB22692063F}.Debug|Any CPU.Build.0 = Debug|Any CPU
		{0F668B1A-664D-4788-BAD0-8EB22692063F}.Release|Any CPU.ActiveCfg = Release|Any CPU
		{0F668B1A-664D-4788-BAD0-8EB22692063F}.Release|Any CPU.Build.0 = Release|Any CPU
	EndGlobalSection
	GlobalSection(SolutionProperties) = preSolution
		HideSolutionNode = FALSE
	EndGlobalSection
	GlobalSection(ExtensibilityGlobals) = postSolution
		SolutionGuid = {D4396790-7428-48AF-9D74-B3202D0CFD33}
	EndGlobalSection
EndGlobal
